// !$*UTF8*$!
{
	archiveVersion = 1;
	classes = {
	};
	objectVersion = 50;
	objects = {

/* Begin PBXBuildFile section */
		A47ABC97261FF2B90038A03B /* AppDelegate.swift in Sources */ = {isa = PBXBuildFile; fileRef = A47ABC96261FF2B90038A03B /* AppDelegate.swift */; };
		A47ABC99261FF2B90038A03B /* SceneDelegate.swift in Sources */ = {isa = PBXBuildFile; fileRef = A47ABC98261FF2B90038A03B /* SceneDelegate.swift */; };
		A47ABC9B261FF2B90038A03B /* ContentView.swift in Sources */ = {isa = PBXBuildFile; fileRef = A47ABC9A261FF2B90038A03B /* ContentView.swift */; };
		A47ABC9D261FF2B90038A03B /* Assets.xcassets in Resources */ = {isa = PBXBuildFile; fileRef = A47ABC9C261FF2B90038A03B /* Assets.xcassets */; };
		A47ABCA0261FF2BA0038A03B /* Preview Assets.xcassets in Resources */ = {isa = PBXBuildFile; fileRef = A47ABC9F261FF2BA0038A03B /* Preview Assets.xcassets */; };
		A47ABCA3261FF2BA0038A03B /* LaunchScreen.storyboard in Resources */ = {isa = PBXBuildFile; fileRef = A47ABCA1261FF2BA0038A03B /* LaunchScreen.storyboard */; };
/* End PBXBuildFile section */

/* Begin PBXFileReference section */
		A47ABC93261FF2B90038A03B /* Exam.app */ = {isa = PBXFileReference; explicitFileType = wrapper.application; includeInIndex = 0; path = Exam.app; sourceTree = BUILT_PRODUCTS_DIR; };
		A47ABC96261FF2B90038A03B /* AppDelegate.swift */ = {isa = PBXFileReference; lastKnownFileType = sourcecode.swift; path = AppDelegate.swift; sourceTree = "<group>"; };
		A47ABC98261FF2B90038A03B /* SceneDelegate.swift */ = {isa = PBXFileReference; lastKnownFileType = sourcecode.swift; path = SceneDelegate.swift; sourceTree = "<group>"; };
		A47ABC9A261FF2B90038A03B /* ContentView.swift */ = {isa = PBXFileReference; lastKnownFileType = sourcecode.swift; path = ContentView.swift; sourceTree = "<group>"; };
		A47ABC9C261FF2B90038A03B /* Assets.xcassets */ = {isa = PBXFileReference; lastKnownFileType = folder.assetcatalog; path = Assets.xcassets; sourceTree = "<group>"; };
		A47ABC9F261FF2BA0038A03B /* Preview Assets.xcassets */ = {isa = PBXFileReference; lastKnownFileType = folder.assetcatalog; path = "Preview Assets.xcassets"; sourceTree = "<group>"; };
		A47ABCA2261FF2BA0038A03B /* Base */ = {isa = PBXFileReference; lastKnownFileType = file.storyboard; name = Base; path = Base.lproj/LaunchScreen.storyboard; sourceTree = "<group>"; };
		A47ABCA4261FF2BA0038A03B /* Info.plist */ = {isa = PBXFileReference; lastKnownFileType = text.plist.xml; path = Info.plist; sourceTree = "<group>"; };
/* End PBXFileReference section */

/* Begin PBXFrameworksBuildPhase section */
		A47ABC90261FF2B90038A03B /* Frameworks */ = {
			isa = PBXFrameworksBuildPhase;
			buildActionMask = 2147483647;
			files = (
			);
			runOnlyForDeploymentPostprocessing = 0;
		};
/* End PBXFrameworksBuildPhase section */

/* Begin PBXGroup section */
		A47ABC8A261FF2B90038A03B = {
			isa = PBXGroup;
			children = (
				A47ABC95261FF2B90038A03B /* Exam */,
				A47ABC94261FF2B90038A03B /* Products */,
			);
			sourceTree = "<group>";
		};
		A47ABC94261FF2B90038A03B /* Products */ = {
			isa = PBXGroup;
			children = (
				A47ABC93261FF2B90038A03B /* Exam.app */,
			);
			name = Products;
			sourceTree = "<group>";
		};
		A47ABC95261FF2B90038A03B /* Exam */ = {
			isa = PBXGroup;
			children = (
				A47ABC96261FF2B90038A03B /* AppDelegate.swift */,
				A47ABC98261FF2B90038A03B /* SceneDelegate.swift */,
				A47ABC9A261FF2B90038A03B /* ContentView.swift */,
				A47ABC9C261FF2B90038A03B /* Assets.xcassets */,
				A47ABCA1261FF2BA0038A03B /* LaunchScreen.storyboard */,
				A47ABCA4261FF2BA0038A03B /* Info.plist */,
				A47ABC9E261FF2BA0038A03B /* Preview Content */,
			);
			path = Exam;
			sourceTree = "<group>";
		};
		A47ABC9E261FF2BA0038A03B /* Preview Content */ = {
			isa = PBXGroup;
			children = (
				A47ABC9F261FF2BA0038A03B /* Preview Assets.xcassets */,
			);
			path = "Preview Content";
			sourceTree = "<group>";
		};
/* End PBXGroup section */

/* Begin PBXNativeTarget section */
		A47ABC92261FF2B90038A03B /* Exam */ = {
			isa = PBXNativeTarget;
			buildConfigurationList = A47ABCA7261FF2BA0038A03B /* Build configuration list for PBXNativeTarget "Exam" */;
			buildPhases = (
				A47ABC8F261FF2B90038A03B /* Sources */,
				A47ABC90261FF2B90038A03B /* Frameworks */,
				A47ABC91261FF2B90038A03B /* Resources */,
			);
			buildRules = (
			);
			dependencies = (
			);
			name = Exam;
			productName = Exam;
			productReference = A47ABC93261FF2B90038A03B /* Exam.app */;
			productType = "com.apple.product-type.application";
		};
/* End PBXNativeTarget section */

/* Begin PBXProject section */
		A47ABC8B261FF2B90038A03B /* Project object */ = {
			isa = PBXProject;
			attributes = {
				LastSwiftUpdateCheck = 1240;
				LastUpgradeCheck = 1240;
				TargetAttributes = {
					A47ABC92261FF2B90038A03B = {
						CreatedOnToolsVersion = 12.4;
					};
				};
			};
			buildConfigurationList = A47ABC8E261FF2B90038A03B /* Build configuration list for PBXProject "Exam" */;
			compatibilityVersion = "Xcode 9.3";
			developmentRegion = en;
			hasScannedForEncodings = 0;
			knownRegions = (
				en,
				Base,
			);
			mainGroup = A47ABC8A261FF2B90038A03B;
			productRefGroup = A47ABC94261FF2B90038A03B /* Products */;
			projectDirPath = "";
			projectRoot = "";
			targets = (
				A47ABC92261FF2B90038A03B /* Exam */,
			);
		};
/* End PBXProject section */

/* Begin PBXResourcesBuildPhase section */
		A47ABC91261FF2B90038A03B /* Resources */ = {
			isa = PBXResourcesBuildPhase;
			buildActionMask = 2147483647;
			files = (
				A47ABCA3261FF2BA0038A03B /* LaunchScreen.storyboard in Resources */,
				A47ABCA0261FF2BA0038A03B /* Preview Assets.xcassets in Resources */,
				A47ABC9D261FF2B90038A03B /* Assets.xcassets in Resources */,
			);
			runOnlyForDeploymentPostprocessing = 0;
		};
/* End PBXResourcesBuildPhase section */

/* Begin PBXSourcesBuildPhase section */
		A47ABC8F261FF2B90038A03B /* Sources */ = {
			isa = PBXSourcesBuildPhase;
			buildActionMask = 2147483647;
			files = (
				A47ABC97261FF2B90038A03B /* AppDelegate.swift in Sources */,
				A47ABC99261FF2B90038A03B /* SceneDelegate.swift in Sources */,
				A47ABC9B261FF2B90038A03B /* ContentView.swift in Sources */,
			);
			runOnlyForDeploymentPostprocessing = 0;
		};
/* End PBXSourcesBuildPhase section */

/* Begin PBXVariantGroup section */
		A47ABCA1261FF2BA0038A03B /* LaunchScreen.storyboard */ = {
			isa = PBXVariantGroup;
			children = (
				A47ABCA2261FF2BA0038A03B /* Base */,
			);
			name = LaunchScreen.storyboard;
			sourceTree = "<group>";
		};
/* End PBXVariantGroup section */

/* Begin XCBuildConfiguration section */
		A47ABCA5261FF2BA0038A03B /* Debug */ = {
			isa = XCBuildConfiguration;
			buildSettings = {
				ALWAYS_SEARCH_USER_PATHS = NO;
				CLANG_ANALYZER_NONNULL = YES;
				CLANG_ANALYZER_NUMBER_OBJECT_CONVERSION = YES_AGGRESSIVE;
				CLANG_CXX_LANGUAGE_STANDARD = "gnu++14";
				CLANG_CXX_LIBRARY = "libc++";
				CLANG_ENABLE_MODULES = YES;
				CLANG_ENABLE_OBJC_ARC = YES;
				CLANG_ENABLE_OBJC_WEAK = YES;
				CLANG_WARN_BLOCK_CAPTURE_AUTORELEASING = YES;
				CLANG_WARN_BOOL_CONVERSION = YES;
				CLANG_WARN_COMMA = YES;
				CLANG_WARN_CONSTANT_CONVERSION = YES;
				CLANG_WARN_DEPRECATED_OBJC_IMPLEMENTATIONS = YES;
				CLANG_WARN_DIRECT_OBJC_ISA_USAGE = YES_ERROR;
				CLANG_WARN_DOCUMENTATION_COMMENTS = YES;
				CLANG_WARN_EMPTY_BODY = YES;
				CLANG_WARN_ENUM_CONVERSION = YES;
				CLANG_WARN_INFINITE_RECURSION = YES;
				CLANG_WARN_INT_CONVERSION = YES;
				CLANG_WARN_NON_LITERAL_NULL_CONVERSION = YES;
				CLANG_WARN_OBJC_IMPLICIT_RETAIN_SELF = YES;
				CLANG_WARN_OBJC_LITERAL_CONVERSION = YES;
				CLANG_WARN_OBJC_ROOT_CLASS = YES_ERROR;
				CLANG_WARN_QUOTED_INCLUDE_IN_FRAMEWORK_HEADER = YES;
				CLANG_WARN_RANGE_LOOP_ANALYSIS = YES;
				CLANG_WARN_STRICT_PROTOTYPES = YES;
				CLANG_WARN_SUSPICIOUS_MOVE = YES;
				CLANG_WARN_UNGUARDED_AVAILABILITY = YES_AGGRESSIVE;
				CLANG_WARN_UNREACHABLE_CODE = YES;
				CLANG_WARN__DUPLICATE_METHOD_MATCH = YES;
				COPY_PHASE_STRIP = NO;
				DEBUG_INFORMATION_FORMAT = dwarf;
				ENABLE_STRICT_OBJC_MSGSEND = YES;
				ENABLE_TESTABILITY = YES;
				GCC_C_LANGUAGE_STANDARD = gnu11;
				GCC_DYNAMIC_NO_PIC = NO;
				GCC_NO_COMMON_BLOCKS = YES;
				GCC_OPTIMIZATION_LEVEL = 0;
				GCC_PREPROCESSOR_DEFINITIONS = (
					"DEBUG=1",
					"$(inherited)",
				);
				GCC_WARN_64_TO_32_BIT_CONVERSION = YES;
				GCC_WARN_ABOUT_RETURN_TYPE = YES_ERROR;
				GCC_WARN_UNDECLARED_SELECTOR = YES;
				GCC_WARN_UNINITIALIZED_AUTOS = YES_AGGRESSIVE;
				GCC_WARN_UNUSED_FUNCTION = YES;
				GCC_WARN_UNUSED_VARIABLE = YES;
				IPHONEOS_DEPLOYMENT_TARGET = 14.4;
				MTL_ENABLE_DEBUG_INFO = INCLUDE_SOURCE;
				MTL_FAST_MATH = YES;
				ONLY_ACTIVE_ARCH = YES;
				SDKROOT = iphoneos;
				SWIFT_ACTIVE_COMPILATION_CONDITIONS = DEBUG;
				SWIFT_OPTIMIZATION_LEVEL = "-Onone";
			};
			name = Debug;
		};
		A47ABCA6261FF2BA0038A03B /* Release */ = {
			isa = XCBuildConfiguration;
			buildSettings = {
				ALWAYS_SEARCH_USER_PATHS = NO;
				CLANG_ANALYZER_NONNULL = YES;
				CLANG_ANALYZER_NUMBER_OBJECT_CONVERSION = YES_AGGRESSIVE;
				CLANG_CXX_LANGUAGE_STANDARD = "gnu++14";
				CLANG_CXX_LIBRARY = "libc++";
				CLANG_ENABLE_MODULES = YES;
				CLANG_ENABLE_OBJC_ARC = YES;
				CLANG_ENABLE_OBJC_WEAK = YES;
				CLANG_WARN_BLOCK_CAPTURE_AUTORELEASING = YES;
				CLANG_WARN_BOOL_CONVERSION = YES;
				CLANG_WARN_COMMA = YES;
				CLANG_WARN_CONSTANT_CONVERSION = YES;
				CLANG_WARN_DEPRECATED_OBJC_IMPLEMENTATIONS = YES;
				CLANG_WARN_DIRECT_OBJC_ISA_USAGE = YES_ERROR;
				CLANG_WARN_DOCUMENTATION_COMMENTS = YES;
				CLANG_WARN_EMPTY_BODY = YES;
				CLANG_WARN_ENUM_CONVERSION = YES;
				CLANG_WARN_INFINITE_RECURSION = YES;
				CLANG_WARN_INT_CONVERSION = YES;
				CLANG_WARN_NON_LITERAL_NULL_CONVERSION = YES;
				CLANG_WARN_OBJC_IMPLICIT_RETAIN_SELF = YES;
				CLANG_WARN_OBJC_LITERAL_CONVERSION = YES;
				CLANG_WARN_OBJC_ROOT_CLASS = YES_ERROR;
				CLANG_WARN_QUOTED_INCLUDE_IN_FRAMEWORK_HEADER = YES;
				CLANG_WARN_RANGE_LOOP_ANALYSIS = YES;
				CLANG_WARN_STRICT_PROTOTYPES = YES;
				CLANG_WARN_SUSPICIOUS_MOVE = YES;
				CLANG_WARN_UNGUARDED_AVAILABILITY = YES_AGGRESSIVE;
				CLANG_WARN_UNREACHABLE_CODE = YES;
				CLANG_WARN__DUPLICATE_METHOD_MATCH = YES;
				COPY_PHASE_STRIP = NO;
				DEBUG_INFORMATION_FORMAT = "dwarf-with-dsym";
				ENABLE_NS_ASSERTIONS = NO;
				ENABLE_STRICT_OBJC_MSGSEND = YES;
				GCC_C_LANGUAGE_STANDARD = gnu11;
				GCC_NO_COMMON_BLOCKS = YES;
				GCC_WARN_64_TO_32_BIT_CONVERSION = YES;
				GCC_WARN_ABOUT_RETURN_TYPE = YES_ERROR;
				GCC_WARN_UNDECLARED_SELECTOR = YES;
				GCC_WARN_UNINITIALIZED_AUTOS = YES_AGGRESSIVE;
				GCC_WARN_UNUSED_FUNCTION = YES;
				GCC_WARN_UNUSED_VARIABLE = YES;
				IPHONEOS_DEPLOYMENT_TARGET = 14.4;
				MTL_ENABLE_DEBUG_INFO = NO;
				MTL_FAST_MATH = YES;
				SDKROOT = iphoneos;
				SWIFT_COMPILATION_MODE = wholemodule;
				SWIFT_OPTIMIZATION_LEVEL = "-O";
				VALIDATE_PRODUCT = YES;
			};
			name = Release;
		};
		A47ABCA8261FF2BA0038A03B /* Debug */ = {
			isa = XCBuildConfiguration;
			buildSettings = {
				ASSETCATALOG_COMPILER_APPICON_NAME = AppIcon;
				ASSETCATALOG_COMPILER_GLOBAL_ACCENT_COLOR_NAME = AccentColor;
				CODE_SIGN_STYLE = Automatic;
				DEVELOPMENT_ASSET_PATHS = "\"Exam/Preview Content\"";
				DEVELOPMENT_TEAM = N9L2BN72PN;
				ENABLE_PREVIEWS = YES;
				INFOPLIST_FILE = Exam/Info.plist;
				LD_RUNPATH_SEARCH_PATHS = (
					"$(inherited)",
					"@executable_path/Frameworks",
				);
				PRODUCT_BUNDLE_IDENTIFIER = GROWDEV.Exam;
				PRODUCT_NAME = "$(TARGET_NAME)";
				SWIFT_VERSION = 5.0;
				TARGETED_DEVICE_FAMILY = "1,2";
			};
			name = Debug;
		};
		A47ABCA9261FF2BA0038A03B /* Release */ = {
			isa = XCBuildConfiguration;
			buildSettings = {
				ASSETCATALOG_COMPILER_APPICON_NAME = AppIcon;
				ASSETCATALOG_COMPILER_GLOBAL_ACCENT_COLOR_NAME = AccentColor;
				CODE_SIGN_STYLE = Automatic;
				DEVELOPMENT_ASSET_PATHS = "\"Exam/Preview Content\"";
				DEVELOPMENT_TEAM = N9L2BN72PN;
				ENABLE_PREVIEWS = YES;
				INFOPLIST_FILE = Exam/Info.plist;
				LD_RUNPATH_SEARCH_PATHS = (
					"$(inherited)",
					"@executable_path/Frameworks",
				);
				PRODUCT_BUNDLE_IDENTIFIER = GROWDEV.Exam;
				PRODUCT_NAME = "$(TARGET_NAME)";
				SWIFT_VERSION = 5.0;
				TARGETED_DEVICE_FAMILY = "1,2";
			};
			name = Release;
		};
/* End XCBuildConfiguration section */

/* Begin XCConfigurationList section */
		A47ABC8E261FF2B90038A03B /* Build configuration list for PBXProject "Exam" */ = {
			isa = XCConfigurationList;
			buildConfigurations = (
				A47ABCA5261FF2BA0038A03B /* Debug */,
				A47ABCA6261FF2BA0038A03B /* Release */,
			);
			defaultConfigurationIsVisible = 0;
			defaultConfigurationName = Release;
		};
		A47ABCA7261FF2BA0038A03B /* Build configuration list for PBXNativeTarget "Exam" */ = {
			isa = XCConfigurationList;
			buildConfigurations = (
				A47ABCA8261FF2BA0038A03B /* Debug */,
				A47ABCA9261FF2BA0038A03B /* Release */,
			);
			defaultConfigurationIsVisible = 0;
			defaultConfigurationName = Release;
		};
/* End XCConfigurationList section */
	};
	rootObject = A47ABC8B261FF2B90038A03B /* Project object */;
}
